
Microsoft Visual Studio Solution File, Format Version 12.00
Project("{FAE04EC0-301F-11D3-BF4B-00C04F79EFBC}") = "EasyMeals.RecipeEngine.Domain", "src\EasyMeals.RecipeEngine.Domain\EasyMeals.RecipeEngine.Domain.csproj", "{E24316DC-4901-4174-8809-23E4A401E13D}"
EndProject
Project("{FAE04EC0-301F-11D3-BF4B-00C04F79EFBC}") = "EasyMeals.RecipeEngine.Application", "src\EasyMeals.RecipeEngine.Application\EasyMeals.RecipeEngine.Application.csproj", "{6344668A-ABCE-4411-B9F6-95D33C67485E}"
EndProject
Project("{FAE04EC0-301F-11D3-BF4B-00C04F79EFBC}") = "EasyMeals.RecipeEngine.Infrastructure", "src\EasyMeals.RecipeEngine.Infrastructure\EasyMeals.RecipeEngine.Infrastructure.csproj", "{A99CD1C3-4355-4E77-8043-2C56EFE9CD21}"
EndProject
Project("{FAE04EC0-301F-11D3-BF4B-00C04F79EFBC}") = "EasyMeals.RecipeEngine", "src\EasyMeals.RecipeEngine\EasyMeals.RecipeEngine.csproj", "{D851F580-19C8-45F7-BEAA-321EDAD3ACDE}"
EndProject
Global
	GlobalSection(SolutionConfigurationPlatforms) = preSolution
		Debug|Any CPU = Debug|Any CPU
		Debug|x64 = Debug|x64
		Debug|x86 = Debug|x86
		Release|Any CPU = Release|Any CPU
		Release|x64 = Release|x64
		Release|x86 = Release|x86
	EndGlobalSection
	GlobalSection(ProjectConfigurationPlatforms) = postSolution
		{E24316DC-4901-4174-8809-23E4A401E13D}.Debug|Any CPU.ActiveCfg = Debug|Any CPU
		{E24316DC-4901-4174-8809-23E4A401E13D}.Debug|Any CPU.Build.0 = Debug|Any CPU
		{E24316DC-4901-4174-8809-23E4A401E13D}.Debug|x64.ActiveCfg = Debug|Any CPU
		{E24316DC-4901-4174-8809-23E4A401E13D}.Debug|x64.Build.0 = Debug|Any CPU
		{E24316DC-4901-4174-8809-23E4A401E13D}.Debug|x86.ActiveCfg = Debug|Any CPU
		{E24316DC-4901-4174-8809-23E4A401E13D}.Debug|x86.Build.0 = Debug|Any CPU
		{E24316DC-4901-4174-8809-23E4A401E13D}.Release|Any CPU.ActiveCfg = Release|Any CPU
		{E24316DC-4901-4174-8809-23E4A401E13D}.Release|Any CPU.Build.0 = Release|Any CPU
		{E24316DC-4901-4174-8809-23E4A401E13D}.Release|x64.ActiveCfg = Release|Any CPU
		{E24316DC-4901-4174-8809-23E4A401E13D}.Release|x64.Build.0 = Release|Any CPU
		{E24316DC-4901-4174-8809-23E4A401E13D}.Release|x86.ActiveCfg = Release|Any CPU
		{E24316DC-4901-4174-8809-23E4A401E13D}.Release|x86.Build.0 = Release|Any CPU
		{6344668A-ABCE-4411-B9F6-95D33C67485E}.Debug|Any CPU.ActiveCfg = Debug|Any CPU
		{6344668A-ABCE-4411-B9F6-95D33C67485E}.Debug|Any CPU.Build.0 = Debug|Any CPU
		{6344668A-ABCE-4411-B9F6-95D33C67485E}.Debug|x64.ActiveCfg = Debug|Any CPU
		{6344668A-ABCE-4411-B9F6-95D33C67485E}.Debug|x64.Build.0 = Debug|Any CPU
		{6344668A-ABCE-4411-B9F6-95D33C67485E}.Debug|x86.ActiveCfg = Debug|Any CPU
		{6344668A-ABCE-4411-B9F6-95D33C67485E}.Debug|x86.Build.0 = Debug|Any CPU
		{6344668A-ABCE-4411-B9F6-95D33C67485E}.Release|Any CPU.ActiveCfg = Release|Any CPU
		{6344668A-ABCE-4411-B9F6-95D33C67485E}.Release|Any CPU.Build.0 = Release|Any CPU
		{6344668A-ABCE-4411-B9F6-95D33C67485E}.Release|x64.ActiveCfg = Release|Any CPU
		{6344668A-ABCE-4411-B9F6-95D33C67485E}.Release|x64.Build.0 = Release|Any CPU
		{6344668A-ABCE-4411-B9F6-95D33C67485E}.Release|x86.ActiveCfg = Release|Any CPU
		{6344668A-ABCE-4411-B9F6-95D33C67485E}.Release|x86.Build.0 = Release|Any CPU
		{A99CD1C3-4355-4E77-8043-2C56EFE9CD21}.Debug|Any CPU.ActiveCfg = Debug|Any CPU
		{A99CD1C3-4355-4E77-8043-2C56EFE9CD21}.Debug|Any CPU.Build.0 = Debug|Any CPU
		{A99CD1C3-4355-4E77-8043-2C56EFE9CD21}.Debug|x64.ActiveCfg = Debug|Any CPU
		{A99CD1C3-4355-4E77-8043-2C56EFE9CD21}.Debug|x64.Build.0 = Debug|Any CPU
		{A99CD1C3-4355-4E77-8043-2C56EFE9CD21}.Debug|x86.ActiveCfg = Debug|Any CPU
		{A99CD1C3-4355-4E77-8043-2C56EFE9CD21}.Debug|x86.Build.0 = Debug|Any CPU
		{A99CD1C3-4355-4E77-8043-2C56EFE9CD21}.Release|Any CPU.ActiveCfg = Release|Any CPU
		{A99CD1C3-4355-4E77-8043-2C56EFE9CD21}.Release|Any CPU.Build.0 = Release|Any CPU
		{A99CD1C3-4355-4E77-8043-2C56EFE9CD21}.Release|x64.ActiveCfg = Release|Any CPU
		{A99CD1C3-4355-4E77-8043-2C56EFE9CD21}.Release|x64.Build.0 = Release|Any CPU
		{A99CD1C3-4355-4E77-8043-2C56EFE9CD21}.Release|x86.ActiveCfg = Release|Any CPU
		{A99CD1C3-4355-4E77-8043-2C56EFE9CD21}.Release|x86.Build.0 = Release|Any CPU
		{D851F580-19C8-45F7-BEAA-321EDAD3ACDE}.Debug|Any CPU.ActiveCfg = Debug|Any CPU
		{D851F580-19C8-45F7-BEAA-321EDAD3ACDE}.Debug|Any CPU.Build.0 = Debug|Any CPU
		{D851F580-19C8-45F7-BEAA-321EDAD3ACDE}.Debug|x64.ActiveCfg = Debug|Any CPU
		{D851F580-19C8-45F7-BEAA-321EDAD3ACDE}.Debug|x64.Build.0 = Debug|Any CPU
		{D851F580-19C8-45F7-BEAA-321EDAD3ACDE}.Debug|x86.ActiveCfg = Debug|Any CPU
		{D851F580-19C8-45F7-BEAA-321EDAD3ACDE}.Debug|x86.Build.0 = Debug|Any CPU
		{D851F580-19C8-45F7-BEAA-321EDAD3ACDE}.Release|Any CPU.ActiveCfg = Release|Any CPU
		{D851F580-19C8-45F7-BEAA-321EDAD3ACDE}.Release|Any CPU.Build.0 = Release|Any CPU
		{D851F580-19C8-45F7-BEAA-321EDAD3ACDE}.Release|x64.ActiveCfg = Release|Any CPU
		{D851F580-19C8-45F7-BEAA-321EDAD3ACDE}.Release|x64.Build.0 = Release|Any CPU
		{D851F580-19C8-45F7-BEAA-321EDAD3ACDE}.Release|x86.ActiveCfg = Release|Any CPU
		{D851F580-19C8-45F7-BEAA-321EDAD3ACDE}.Release|x86.Build.0 = Release|Any CPU
	EndGlobalSection
	GlobalSection(SolutionProperties) = preSolution
		HideSolutionNode = FALSE
	EndGlobalSection
	GlobalSection(NestedProjects) = preSolution
	EndGlobalSection
EndGlobal
