
Microsoft Visual Studio Solution File, Format Version 12.00
Project("{FAE04EC0-301F-11D3-BF4B-00C04F79EFBC}") = "EasyMeals.RecipeEngine.Domain", "src\EasyMeals.RecipeEngine.Domain\EasyMeals.RecipeEngine.Domain.csproj", "{E24316DC-4901-4174-8809-23E4A401E13D}"
EndProject
Project("{FAE04EC0-301F-11D3-BF4B-00C04F79EFBC}") = "EasyMeals.RecipeEngine.Application", "src\EasyMeals.RecipeEngine.Application\EasyMeals.RecipeEngine.Application.csproj", "{6344668A-ABCE-4411-B9F6-95D33C67485E}"
EndProject
Project("{FAE04EC0-301F-11D3-BF4B-00C04F79EFBC}") = "EasyMeals.RecipeEngine.Infrastructure", "src\EasyMeals.RecipeEngine.Infrastructure\EasyMeals.RecipeEngine.Infrastructure.csproj", "{A99CD1C3-4355-4E77-8043-2C56EFE9CD21}"
EndProject
Project("{FAE04EC0-301F-11D3-BF4B-00C04F79EFBC}") = "EasyMeals.RecipeEngine", "src\EasyMeals.RecipeEngine\EasyMeals.RecipeEngine.csproj", "{86FE1C43-83EF-40E0-9724-76030C160A39}"
EndProject
Project("{2150E333-8FDC-42A3-9474-1A3956D46DE8}") = "tests", "tests", "{0AB3BF05-4346-4AA6-1389-037BE0695223}"
EndProject
Project("{FAE04EC0-301F-11D3-BF4B-00C04F79EFBC}") = "EasyMeals.RecipeEngine.Tests.Contract", "tests\EasyMeals.RecipeEngine.Tests.Contract\EasyMeals.RecipeEngine.Tests.Contract.csproj", "{F104EBA2-92FA-42FF-B40B-DC8B9BFCF01C}"
EndProject
Project("{FAE04EC0-301F-11D3-BF4B-00C04F79EFBC}") = "EasyMeals.RecipeEngine.Tests.Integration", "tests\EasyMeals.RecipeEngine.Tests.Integration\EasyMeals.RecipeEngine.Tests.Integration.csproj", "{B2725AB4-F6EF-4FD9-B541-435EFE13BE6A}"
EndProject
Project("{FAE04EC0-301F-11D3-BF4B-00C04F79EFBC}") = "EasyMeals.RecipeEngine.Tests.Unit", "tests\EasyMeals.RecipeEngine.Tests.Unit\EasyMeals.RecipeEngine.Tests.Unit.csproj", "{2AB7C6F7-2CFE-43E7-B8FA-41B33A0AE70B}"
EndProject
Global
	GlobalSection(SolutionConfigurationPlatforms) = preSolution
		Debug|Any CPU = Debug|Any CPU
		Debug|x64 = Debug|x64
		Debug|x86 = Debug|x86
		Release|Any CPU = Release|Any CPU
		Release|x64 = Release|x64
		Release|x86 = Release|x86
	EndGlobalSection
	GlobalSection(ProjectConfigurationPlatforms) = postSolution
		{E24316DC-4901-4174-8809-23E4A401E13D}.Debug|Any CPU.ActiveCfg = Debug|Any CPU
		{E24316DC-4901-4174-8809-23E4A401E13D}.Debug|Any CPU.Build.0 = Debug|Any CPU
		{E24316DC-4901-4174-8809-23E4A401E13D}.Debug|x64.ActiveCfg = Debug|Any CPU
		{E24316DC-4901-4174-8809-23E4A401E13D}.Debug|x64.Build.0 = Debug|Any CPU
		{E24316DC-4901-4174-8809-23E4A401E13D}.Debug|x86.ActiveCfg = Debug|Any CPU
		{E24316DC-4901-4174-8809-23E4A401E13D}.Debug|x86.Build.0 = Debug|Any CPU
		{E24316DC-4901-4174-8809-23E4A401E13D}.Release|Any CPU.ActiveCfg = Release|Any CPU
		{E24316DC-4901-4174-8809-23E4A401E13D}.Release|Any CPU.Build.0 = Release|Any CPU
		{E24316DC-4901-4174-8809-23E4A401E13D}.Release|x64.ActiveCfg = Release|Any CPU
		{E24316DC-4901-4174-8809-23E4A401E13D}.Release|x64.Build.0 = Release|Any CPU
		{E24316DC-4901-4174-8809-23E4A401E13D}.Release|x86.ActiveCfg = Release|Any CPU
		{E24316DC-4901-4174-8809-23E4A401E13D}.Release|x86.Build.0 = Release|Any CPU
		{6344668A-ABCE-4411-B9F6-95D33C67485E}.Debug|Any CPU.ActiveCfg = Debug|Any CPU
		{6344668A-ABCE-4411-B9F6-95D33C67485E}.Debug|Any CPU.Build.0 = Debug|Any CPU
		{6344668A-ABCE-4411-B9F6-95D33C67485E}.Debug|x64.ActiveCfg = Debug|Any CPU
		{6344668A-ABCE-4411-B9F6-95D33C67485E}.Debug|x64.Build.0 = Debug|Any CPU
		{6344668A-ABCE-4411-B9F6-95D33C67485E}.Debug|x86.ActiveCfg = Debug|Any CPU
		{6344668A-ABCE-4411-B9F6-95D33C67485E}.Debug|x86.Build.0 = Debug|Any CPU
		{6344668A-ABCE-4411-B9F6-95D33C67485E}.Release|Any CPU.ActiveCfg = Release|Any CPU
		{6344668A-ABCE-4411-B9F6-95D33C67485E}.Release|Any CPU.Build.0 = Release|Any CPU
		{6344668A-ABCE-4411-B9F6-95D33C67485E}.Release|x64.ActiveCfg = Release|Any CPU
		{6344668A-ABCE-4411-B9F6-95D33C67485E}.Release|x64.Build.0 = Release|Any CPU
		{6344668A-ABCE-4411-B9F6-95D33C67485E}.Release|x86.ActiveCfg = Release|Any CPU
		{6344668A-ABCE-4411-B9F6-95D33C67485E}.Release|x86.Build.0 = Release|Any CPU
		{A99CD1C3-4355-4E77-8043-2C56EFE9CD21}.Debug|Any CPU.ActiveCfg = Debug|Any CPU
		{A99CD1C3-4355-4E77-8043-2C56EFE9CD21}.Debug|Any CPU.Build.0 = Debug|Any CPU
		{A99CD1C3-4355-4E77-8043-2C56EFE9CD21}.Debug|x64.ActiveCfg = Debug|Any CPU
		{A99CD1C3-4355-4E77-8043-2C56EFE9CD21}.Debug|x64.Build.0 = Debug|Any CPU
		{A99CD1C3-4355-4E77-8043-2C56EFE9CD21}.Debug|x86.ActiveCfg = Debug|Any CPU
		{A99CD1C3-4355-4E77-8043-2C56EFE9CD21}.Debug|x86.Build.0 = Debug|Any CPU
		{A99CD1C3-4355-4E77-8043-2C56EFE9CD21}.Release|Any CPU.ActiveCfg = Release|Any CPU
		{A99CD1C3-4355-4E77-8043-2C56EFE9CD21}.Release|Any CPU.Build.0 = Release|Any CPU
		{A99CD1C3-4355-4E77-8043-2C56EFE9CD21}.Release|x64.ActiveCfg = Release|Any CPU
		{A99CD1C3-4355-4E77-8043-2C56EFE9CD21}.Release|x64.Build.0 = Release|Any CPU
		{A99CD1C3-4355-4E77-8043-2C56EFE9CD21}.Release|x86.ActiveCfg = Release|Any CPU
		{A99CD1C3-4355-4E77-8043-2C56EFE9CD21}.Release|x86.Build.0 = Release|Any CPU
		{86FE1C43-83EF-40E0-9724-76030C160A39}.Debug|Any CPU.ActiveCfg = Debug|Any CPU
		{86FE1C43-83EF-40E0-9724-76030C160A39}.Debug|Any CPU.Build.0 = Debug|Any CPU
		{86FE1C43-83EF-40E0-9724-76030C160A39}.Debug|x64.ActiveCfg = Debug|Any CPU
		{86FE1C43-83EF-40E0-9724-76030C160A39}.Debug|x64.Build.0 = Debug|Any CPU
		{86FE1C43-83EF-40E0-9724-76030C160A39}.Debug|x86.ActiveCfg = Debug|Any CPU
		{86FE1C43-83EF-40E0-9724-76030C160A39}.Debug|x86.Build.0 = Debug|Any CPU
		{86FE1C43-83EF-40E0-9724-76030C160A39}.Release|Any CPU.ActiveCfg = Release|Any CPU
		{86FE1C43-83EF-40E0-9724-76030C160A39}.Release|Any CPU.Build.0 = Release|Any CPU
		{86FE1C43-83EF-40E0-9724-76030C160A39}.Release|x64.ActiveCfg = Release|Any CPU
		{86FE1C43-83EF-40E0-9724-76030C160A39}.Release|x64.Build.0 = Release|Any CPU
		{86FE1C43-83EF-40E0-9724-76030C160A39}.Release|x86.ActiveCfg = Release|Any CPU
		{86FE1C43-83EF-40E0-9724-76030C160A39}.Release|x86.Build.0 = Release|Any CPU
		{F104EBA2-92FA-42FF-B40B-DC8B9BFCF01C}.Debug|Any CPU.ActiveCfg = Debug|Any CPU
		{F104EBA2-92FA-42FF-B40B-DC8B9BFCF01C}.Debug|Any CPU.Build.0 = Debug|Any CPU
		{F104EBA2-92FA-42FF-B40B-DC8B9BFCF01C}.Debug|x64.ActiveCfg = Debug|Any CPU
		{F104EBA2-92FA-42FF-B40B-DC8B9BFCF01C}.Debug|x64.Build.0 = Debug|Any CPU
		{F104EBA2-92FA-42FF-B40B-DC8B9BFCF01C}.Debug|x86.ActiveCfg = Debug|Any CPU
		{F104EBA2-92FA-42FF-B40B-DC8B9BFCF01C}.Debug|x86.Build.0 = Debug|Any CPU
		{F104EBA2-92FA-42FF-B40B-DC8B9BFCF01C}.Release|Any CPU.ActiveCfg = Release|Any CPU
		{F104EBA2-92FA-42FF-B40B-DC8B9BFCF01C}.Release|Any CPU.Build.0 = Release|Any CPU
		{F104EBA2-92FA-42FF-B40B-DC8B9BFCF01C}.Release|x64.ActiveCfg = Release|Any CPU
		{F104EBA2-92FA-42FF-B40B-DC8B9BFCF01C}.Release|x64.Build.0 = Release|Any CPU
		{F104EBA2-92FA-42FF-B40B-DC8B9BFCF01C}.Release|x86.ActiveCfg = Release|Any CPU
		{F104EBA2-92FA-42FF-B40B-DC8B9BFCF01C}.Release|x86.Build.0 = Release|Any CPU
		{B2725AB4-F6EF-4FD9-B541-435EFE13BE6A}.Debug|Any CPU.ActiveCfg = Debug|Any CPU
		{B2725AB4-F6EF-4FD9-B541-435EFE13BE6A}.Debug|Any CPU.Build.0 = Debug|Any CPU
		{B2725AB4-F6EF-4FD9-B541-435EFE13BE6A}.Debug|x64.ActiveCfg = Debug|Any CPU
		{B2725AB4-F6EF-4FD9-B541-435EFE13BE6A}.Debug|x64.Build.0 = Debug|Any CPU
		{B2725AB4-F6EF-4FD9-B541-435EFE13BE6A}.Debug|x86.ActiveCfg = Debug|Any CPU
		{B2725AB4-F6EF-4FD9-B541-435EFE13BE6A}.Debug|x86.Build.0 = Debug|Any CPU
		{B2725AB4-F6EF-4FD9-B541-435EFE13BE6A}.Release|Any CPU.ActiveCfg = Release|Any CPU
		{B2725AB4-F6EF-4FD9-B541-435EFE13BE6A}.Release|Any CPU.Build.0 = Release|Any CPU
		{B2725AB4-F6EF-4FD9-B541-435EFE13BE6A}.Release|x64.ActiveCfg = Release|Any CPU
		{B2725AB4-F6EF-4FD9-B541-435EFE13BE6A}.Release|x64.Build.0 = Release|Any CPU
		{B2725AB4-F6EF-4FD9-B541-435EFE13BE6A}.Release|x86.ActiveCfg = Release|Any CPU
		{B2725AB4-F6EF-4FD9-B541-435EFE13BE6A}.Release|x86.Build.0 = Release|Any CPU
		{2AB7C6F7-2CFE-43E7-B8FA-41B33A0AE70B}.Debug|Any CPU.ActiveCfg = Debug|Any CPU
		{2AB7C6F7-2CFE-43E7-B8FA-41B33A0AE70B}.Debug|Any CPU.Build.0 = Debug|Any CPU
		{2AB7C6F7-2CFE-43E7-B8FA-41B33A0AE70B}.Debug|x64.ActiveCfg = Debug|Any CPU
		{2AB7C6F7-2CFE-43E7-B8FA-41B33A0AE70B}.Debug|x64.Build.0 = Debug|Any CPU
		{2AB7C6F7-2CFE-43E7-B8FA-41B33A0AE70B}.Debug|x86.ActiveCfg = Debug|Any CPU
		{2AB7C6F7-2CFE-43E7-B8FA-41B33A0AE70B}.Debug|x86.Build.0 = Debug|Any CPU
		{2AB7C6F7-2CFE-43E7-B8FA-41B33A0AE70B}.Release|Any CPU.ActiveCfg = Release|Any CPU
		{2AB7C6F7-2CFE-43E7-B8FA-41B33A0AE70B}.Release|Any CPU.Build.0 = Release|Any CPU
		{2AB7C6F7-2CFE-43E7-B8FA-41B33A0AE70B}.Release|x64.ActiveCfg = Release|Any CPU
		{2AB7C6F7-2CFE-43E7-B8FA-41B33A0AE70B}.Release|x64.Build.0 = Release|Any CPU
		{2AB7C6F7-2CFE-43E7-B8FA-41B33A0AE70B}.Release|x86.ActiveCfg = Release|Any CPU
		{2AB7C6F7-2CFE-43E7-B8FA-41B33A0AE70B}.Release|x86.Build.0 = Release|Any CPU
	EndGlobalSection
	GlobalSection(SolutionProperties) = preSolution
		HideSolutionNode = FALSE
	EndGlobalSection
	GlobalSection(NestedProjects) = preSolution
		{F104EBA2-92FA-42FF-B40B-DC8B9BFCF01C} = {0AB3BF05-4346-4AA6-1389-037BE0695223}
		{B2725AB4-F6EF-4FD9-B541-435EFE13BE6A} = {0AB3BF05-4346-4AA6-1389-037BE0695223}
		{2AB7C6F7-2CFE-43E7-B8FA-41B33A0AE70B} = {0AB3BF05-4346-4AA6-1389-037BE0695223}
	EndGlobalSection
EndGlobal
