
Microsoft Visual Studio Solution File, Format Version 12.00
# Visual Studio Version 17
VisualStudioVersion = 17.14.36301.6 d17.14
MinimumVisualStudioVersion = 10.0.40219.1
Project("{FAE04EC0-301F-11D3-BF4B-00C04F79EFBC}") = "EasyMeals.Api", "src\EasyMeals.Api\EasyMeals.Api.csproj", "{32E137ED-505D-4FF7-A227-7E400FC22C0B}"
EndProject
Project("{2150E333-8FDC-42A3-9474-1A3956D46DE8}") = "Solution Items", "Solution Items", "{8B9A8AE2-4A20-45B1-A56D-89E4078A87B6}"
	ProjectSection(SolutionItems) = preProject
		compose.yaml = compose.yaml
	EndProjectSection
EndProject
Global
	GlobalSection(SolutionProperties) = preSolution
		HideSolutionNode = FALSE
	EndGlobalSection
	GlobalSection(ExtensibilityGlobals) = postSolution
		SolutionGuid = {7C61A3C9-EC65-4523-80F2-5821677FB8C7}
	EndGlobalSection
	GlobalSection(ProjectConfigurationPlatforms) = postSolution
		{32E137ED-505D-4FF7-A227-7E400FC22C0B}.Debug|Any CPU.ActiveCfg = Debug|Any CPU
		{32E137ED-505D-4FF7-A227-7E400FC22C0B}.Debug|Any CPU.Build.0 = Debug|Any CPU
		{32E137ED-505D-4FF7-A227-7E400FC22C0B}.Release|Any CPU.ActiveCfg = Release|Any CPU
		{32E137ED-505D-4FF7-A227-7E400FC22C0B}.Release|Any CPU.Build.0 = Release|Any CPU
	EndGlobalSection
	GlobalSection(SolutionConfigurationPlatforms) = preSolution
		Debug|Any CPU = Debug|Any CPU
		Release|Any CPU = Release|Any CPU
	EndGlobalSection
	GlobalSection(RiderSharedRunConfigurations) = postSolution
		File = ..\recipe-engine\.run\docker-compose (RecipeEngine).run.xml
	EndGlobalSection
EndGlobal
